
Microsoft Visual Studio Solution File, Format Version 12.00
# Visual Studio Version 17
VisualStudioVersion = 17.14.36414.22
MinimumVisualStudioVersion = 10.0.40219.1
Project("{2150E333-8FDC-42A3-9474-1A3956D46DE8}") = "task0", "task0", "{02EA681E-C7D8-13C7-8484-4AC65E1B71E8}"
EndProject
Project("{FAE04EC0-301F-11D3-BF4B-00C04F79EFBC}") = "Tyuiu.ZamyakinaOA.Sprint5.Task0.V30", "Tyuiu.ZamyakinaOA.Sprint5.Task0.V30\Tyuiu.ZamyakinaOA.Sprint5.Task0.V30.csproj", "{2EBD5101-FD84-46AB-B6EF-C4D724763034}"
EndProject
Project("{FAE04EC0-301F-11D3-BF4B-00C04F79EFBC}") = "Tyuiu.ZamyakinaOA.Sprint5.Task0.V30.Lib", "Tyuiu.ZamyakinaOA.Sprint5.Task0.V30.Lib\Tyuiu.ZamyakinaOA.Sprint5.Task0.V30.Lib.csproj", "{4551BC18-A3C5-4FEA-8E84-B75BF7FFF259}"
EndProject
Project("{FAE04EC0-301F-11D3-BF4B-00C04F79EFBC}") = "Tyuiu.ZamyakinaOA.Sprint5.Task0.V30.Test", "Tyuiu.ZamyakinaOA.Sprint5.Task0.V30.Test\Tyuiu.ZamyakinaOA.Sprint5.Task0.V30.Test.csproj", "{2E5F0DB7-A78E-46CE-93E9-29D2A6EA4684}"
EndProject
Project("{2150E333-8FDC-42A3-9474-1A3956D46DE8}") = "task1", "task1", "{9E5EFBC3-C0F1-412A-951E-50B515353E46}"
EndProject
Project("{FAE04EC0-301F-11D3-BF4B-00C04F79EFBC}") = "Tyuiu.ZamyakinaOA.Sprint5.Task1.V26", "Tyuiu.ZamyakinaOA.Sprint5.Task1.V26\Tyuiu.ZamyakinaOA.Sprint5.Task1.V26.csproj", "{C3FECEB9-70C5-41CD-919C-22B393D62363}"
EndProject
Project("{FAE04EC0-301F-11D3-BF4B-00C04F79EFBC}") = "Tyuiu.ZamyakinaOA.Sprint5.Task1.V26.Lib", "Tyuiu.ZamyakinaOA.Sprint5.Task1.V26.Lib\Tyuiu.ZamyakinaOA.Sprint5.Task1.V26.Lib.csproj", "{D31E5F63-967E-43D0-8E5E-540B59665640}"
EndProject
Project("{FAE04EC0-301F-11D3-BF4B-00C04F79EFBC}") = "Tyuiu.ZamyakinaOA.Sprint5.Task1.V26.Test", "Tyuiu.ZamyakinaOA.Sprint5.Task1.V26.Test\Tyuiu.ZamyakinaOA.Sprint5.Task1.V26.Test.csproj", "{7082516D-6A0A-4796-924E-8D6F237C364C}"
EndProject
Project("{2150E333-8FDC-42A3-9474-1A3956D46DE8}") = "task2", "task2", "{CD0CF9F5-FF93-4480-8324-C253761C46EA}"
EndProject
Project("{FAE04EC0-301F-11D3-BF4B-00C04F79EFBC}") = "Tyuiu.ZamyakinaOA.Sprint5.Task2.V25", "Tyuiu.ZamyakinaOA.Sprint5.Task2.V25\Tyuiu.ZamyakinaOA.Sprint5.Task2.V25.csproj", "{DCA71DC2-E732-463C-B951-FF66E5FB9766}"
EndProject
Project("{FAE04EC0-301F-11D3-BF4B-00C04F79EFBC}") = "Tyuiu.ZamyakinaOA.Sprint5.Task2.V25.Lib", "Tyuiu.ZamyakinaOA.Sprint5.Task2.V25.Lib\Tyuiu.ZamyakinaOA.Sprint5.Task2.V25.Lib.csproj", "{D9FBFE1B-655F-4385-864F-9935DB41EFAC}"
EndProject
Project("{FAE04EC0-301F-11D3-BF4B-00C04F79EFBC}") = "Tyuiu.ZamyakinaOA.Sprint5.Task2.V25.Test", "Tyuiu.ZamyakinaOA.Sprint5.Task2.V25.Test\Tyuiu.ZamyakinaOA.Sprint5.Task2.V25.Test.csproj", "{F5C8A8F2-4F81-4401-911D-F603592656D3}"
EndProject
Global
	GlobalSection(SolutionConfigurationPlatforms) = preSolution
		Debug|Any CPU = Debug|Any CPU
		Release|Any CPU = Release|Any CPU
	EndGlobalSection
	GlobalSection(ProjectConfigurationPlatforms) = postSolution
		{2EBD5101-FD84-46AB-B6EF-C4D724763034}.Debug|Any CPU.ActiveCfg = Debug|Any CPU
		{2EBD5101-FD84-46AB-B6EF-C4D724763034}.Debug|Any CPU.Build.0 = Debug|Any CPU
		{2EBD5101-FD84-46AB-B6EF-C4D724763034}.Release|Any CPU.ActiveCfg = Release|Any CPU
		{2EBD5101-FD84-46AB-B6EF-C4D724763034}.Release|Any CPU.Build.0 = Release|Any CPU
		{4551BC18-A3C5-4FEA-8E84-B75BF7FFF259}.Debug|Any CPU.ActiveCfg = Debug|Any CPU
		{4551BC18-A3C5-4FEA-8E84-B75BF7FFF259}.Debug|Any CPU.Build.0 = Debug|Any CPU
		{4551BC18-A3C5-4FEA-8E84-B75BF7FFF259}.Release|Any CPU.ActiveCfg = Release|Any CPU
		{4551BC18-A3C5-4FEA-8E84-B75BF7FFF259}.Release|Any CPU.Build.0 = Release|Any CPU
		{2E5F0DB7-A78E-46CE-93E9-29D2A6EA4684}.Debug|Any CPU.ActiveCfg = Debug|Any CPU
		{2E5F0DB7-A78E-46CE-93E9-29D2A6EA4684}.Debug|Any CPU.Build.0 = Debug|Any CPU
		{2E5F0DB7-A78E-46CE-93E9-29D2A6EA4684}.Release|Any CPU.ActiveCfg = Release|Any CPU
		{2E5F0DB7-A78E-46CE-93E9-29D2A6EA4684}.Release|Any CPU.Build.0 = Release|Any CPU
		{C3FECEB9-70C5-41CD-919C-22B393D62363}.Debug|Any CPU.ActiveCfg = Debug|Any CPU
		{C3FECEB9-70C5-41CD-919C-22B393D62363}.Debug|Any CPU.Build.0 = Debug|Any CPU
		{C3FECEB9-70C5-41CD-919C-22B393D62363}.Release|Any CPU.ActiveCfg = Release|Any CPU
		{C3FECEB9-70C5-41CD-919C-22B393D62363}.Release|Any CPU.Build.0 = Release|Any CPU
		{D31E5F63-967E-43D0-8E5E-540B59665640}.Debug|Any CPU.ActiveCfg = Debug|Any CPU
		{D31E5F63-967E-43D0-8E5E-540B59665640}.Debug|Any CPU.Build.0 = Debug|Any CPU
		{D31E5F63-967E-43D0-8E5E-540B59665640}.Release|Any CPU.ActiveCfg = Release|Any CPU
		{D31E5F63-967E-43D0-8E5E-540B59665640}.Release|Any CPU.Build.0 = Release|Any CPU
		{7082516D-6A0A-4796-924E-8D6F237C364C}.Debug|Any CPU.ActiveCfg = Debug|Any CPU
		{7082516D-6A0A-4796-924E-8D6F237C364C}.Debug|Any CPU.Build.0 = Debug|Any CPU
		{7082516D-6A0A-4796-924E-8D6F237C364C}.Release|Any CPU.ActiveCfg = Release|Any CPU
		{7082516D-6A0A-4796-924E-8D6F237C364C}.Release|Any CPU.Build.0 = Release|Any CPU
		{DCA71DC2-E732-463C-B951-FF66E5FB9766}.Debug|Any CPU.ActiveCfg = Debug|Any CPU
		{DCA71DC2-E732-463C-B951-FF66E5FB9766}.Debug|Any CPU.Build.0 = Debug|Any CPU
		{DCA71DC2-E732-463C-B951-FF66E5FB9766}.Release|Any CPU.ActiveCfg = Release|Any CPU
		{DCA71DC2-E732-463C-B951-FF66E5FB9766}.Release|Any CPU.Build.0 = Release|Any CPU
		{D9FBFE1B-655F-4385-864F-9935DB41EFAC}.Debug|Any CPU.ActiveCfg = Debug|Any CPU
		{D9FBFE1B-655F-4385-864F-9935DB41EFAC}.Debug|Any CPU.Build.0 = Debug|Any CPU
		{D9FBFE1B-655F-4385-864F-9935DB41EFAC}.Release|Any CPU.ActiveCfg = Release|Any CPU
		{D9FBFE1B-655F-4385-864F-9935DB41EFAC}.Release|Any CPU.Build.0 = Release|Any CPU
		{F5C8A8F2-4F81-4401-911D-F603592656D3}.Debug|Any CPU.ActiveCfg = Debug|Any CPU
		{F5C8A8F2-4F81-4401-911D-F603592656D3}.Debug|Any CPU.Build.0 = Debug|Any CPU
		{F5C8A8F2-4F81-4401-911D-F603592656D3}.Release|Any CPU.ActiveCfg = Release|Any CPU
		{F5C8A8F2-4F81-4401-911D-F603592656D3}.Release|Any CPU.Build.0 = Release|Any CPU
	EndGlobalSection
	GlobalSection(SolutionProperties) = preSolution
		HideSolutionNode = FALSE
	EndGlobalSection
	GlobalSection(NestedProjects) = preSolution
		{2EBD5101-FD84-46AB-B6EF-C4D724763034} = {02EA681E-C7D8-13C7-8484-4AC65E1B71E8}
		{4551BC18-A3C5-4FEA-8E84-B75BF7FFF259} = {02EA681E-C7D8-13C7-8484-4AC65E1B71E8}
		{2E5F0DB7-A78E-46CE-93E9-29D2A6EA4684} = {02EA681E-C7D8-13C7-8484-4AC65E1B71E8}
		{C3FECEB9-70C5-41CD-919C-22B393D62363} = {9E5EFBC3-C0F1-412A-951E-50B515353E46}
		{D31E5F63-967E-43D0-8E5E-540B59665640} = {9E5EFBC3-C0F1-412A-951E-50B515353E46}
		{7082516D-6A0A-4796-924E-8D6F237C364C} = {9E5EFBC3-C0F1-412A-951E-50B515353E46}
		{DCA71DC2-E732-463C-B951-FF66E5FB9766} = {CD0CF9F5-FF93-4480-8324-C253761C46EA}
		{D9FBFE1B-655F-4385-864F-9935DB41EFAC} = {CD0CF9F5-FF93-4480-8324-C253761C46EA}
		{F5C8A8F2-4F81-4401-911D-F603592656D3} = {CD0CF9F5-FF93-4480-8324-C253761C46EA}
	EndGlobalSection
	GlobalSection(ExtensibilityGlobals) = postSolution
		SolutionGuid = {421DD8D3-549B-4BA2-A0FD-211137AA568D}
	EndGlobalSection
EndGlobal
