
Microsoft Visual Studio Solution File, Format Version 12.00
# Visual Studio Version 17
VisualStudioVersion = 17.14.36414.22
MinimumVisualStudioVersion = 10.0.40219.1
Project("{2150E333-8FDC-42A3-9474-1A3956D46DE8}") = "task0", "task0", "{02EA681E-C7D8-13C7-8484-4AC65E1B71E8}"
EndProject
Project("{FAE04EC0-301F-11D3-BF4B-00C04F79EFBC}") = "Tyuiu.ZamyakinaOA.Sprint5.Task0.V30", "Tyuiu.ZamyakinaOA.Sprint5.Task0.V30\Tyuiu.ZamyakinaOA.Sprint5.Task0.V30.csproj", "{2EBD5101-FD84-46AB-B6EF-C4D724763034}"
EndProject
Project("{FAE04EC0-301F-11D3-BF4B-00C04F79EFBC}") = "Tyuiu.ZamyakinaOA.Sprint5.Task0.V30.Lib", "Tyuiu.ZamyakinaOA.Sprint5.Task0.V30.Lib\Tyuiu.ZamyakinaOA.Sprint5.Task0.V30.Lib.csproj", "{4551BC18-A3C5-4FEA-8E84-B75BF7FFF259}"
EndProject
Project("{FAE04EC0-301F-11D3-BF4B-00C04F79EFBC}") = "Tyuiu.ZamyakinaOA.Sprint5.Task0.V30.Test", "Tyuiu.ZamyakinaOA.Sprint5.Task0.V30.Test\Tyuiu.ZamyakinaOA.Sprint5.Task0.V30.Test.csproj", "{2E5F0DB7-A78E-46CE-93E9-29D2A6EA4684}"
EndProject
Project("{2150E333-8FDC-42A3-9474-1A3956D46DE8}") = "task1", "task1", "{9E5EFBC3-C0F1-412A-951E-50B515353E46}"
EndProject
Project("{FAE04EC0-301F-11D3-BF4B-00C04F79EFBC}") = "Tyuiu.ZamyakinaOA.Sprint5.Task1.V26", "Tyuiu.ZamyakinaOA.Sprint5.Task1.V26\Tyuiu.ZamyakinaOA.Sprint5.Task1.V26.csproj", "{C3FECEB9-70C5-41CD-919C-22B393D62363}"
EndProject
Project("{FAE04EC0-301F-11D3-BF4B-00C04F79EFBC}") = "Tyuiu.ZamyakinaOA.Sprint5.Task1.V26.Lib", "Tyuiu.ZamyakinaOA.Sprint5.Task1.V26.Lib\Tyuiu.ZamyakinaOA.Sprint5.Task1.V26.Lib.csproj", "{D31E5F63-967E-43D0-8E5E-540B59665640}"
EndProject
Project("{FAE04EC0-301F-11D3-BF4B-00C04F79EFBC}") = "Tyuiu.ZamyakinaOA.Sprint5.Task1.V26.Test", "Tyuiu.ZamyakinaOA.Sprint5.Task1.V26.Test\Tyuiu.ZamyakinaOA.Sprint5.Task1.V26.Test.csproj", "{7082516D-6A0A-4796-924E-8D6F237C364C}"
EndProject
Project("{2150E333-8FDC-42A3-9474-1A3956D46DE8}") = "task2", "task2", "{CD0CF9F5-FF93-4480-8324-C253761C46EA}"
EndProject
Project("{FAE04EC0-301F-11D3-BF4B-00C04F79EFBC}") = "Tyuiu.ZamyakinaOA.Sprint5.Task2.V25", "Tyuiu.ZamyakinaOA.Sprint5.Task2.V25\Tyuiu.ZamyakinaOA.Sprint5.Task2.V25.csproj", "{DCA71DC2-E732-463C-B951-FF66E5FB9766}"
EndProject
Project("{FAE04EC0-301F-11D3-BF4B-00C04F79EFBC}") = "Tyuiu.ZamyakinaOA.Sprint5.Task2.V25.Lib", "Tyuiu.ZamyakinaOA.Sprint5.Task2.V25.Lib\Tyuiu.ZamyakinaOA.Sprint5.Task2.V25.Lib.csproj", "{D9FBFE1B-655F-4385-864F-9935DB41EFAC}"
EndProject
Project("{FAE04EC0-301F-11D3-BF4B-00C04F79EFBC}") = "Tyuiu.ZamyakinaOA.Sprint5.Task2.V25.Test", "Tyuiu.ZamyakinaOA.Sprint5.Task2.V25.Test\Tyuiu.ZamyakinaOA.Sprint5.Task2.V25.Test.csproj", "{F5C8A8F2-4F81-4401-911D-F603592656D3}"
EndProject
Project("{2150E333-8FDC-42A3-9474-1A3956D46DE8}") = "task3", "task3", "{48AA0450-B61C-4AB7-8FA1-36013AC4C47B}"
EndProject
Project("{FAE04EC0-301F-11D3-BF4B-00C04F79EFBC}") = "Tyuiu.ZamyakinaOA.Sprint5.Task3.V6", "Tyuiu.ZamyakinaOA.Sprint5.Task3.V6\Tyuiu.ZamyakinaOA.Sprint5.Task3.V6.csproj", "{E271EFAD-5422-4504-8E28-9DB929482E6A}"
EndProject
Project("{FAE04EC0-301F-11D3-BF4B-00C04F79EFBC}") = "Tyuiu.ZamyakinaOA.Sprint5.Task3.V6.Lib", "Tyuiu.ZamyakinaOA.Sprint5.Task3.V6.Lib\Tyuiu.ZamyakinaOA.Sprint5.Task3.V6.Lib.csproj", "{522D6898-55A3-4962-9110-7B17B11569C6}"
EndProject
Project("{FAE04EC0-301F-11D3-BF4B-00C04F79EFBC}") = "Tyuiu.ZamyakinaOA.Sprint5.Task3.V6.Test", "Tyuiu.ZamyakinaOA.Sprint5.Task3.V6.Test\Tyuiu.ZamyakinaOA.Sprint5.Task3.V6.Test.csproj", "{0D1FF023-0578-4E7E-B2AA-7D85BD2788E8}"
EndProject
Project("{2150E333-8FDC-42A3-9474-1A3956D46DE8}") = "task4", "task4", "{6A6C1960-4FA0-4032-9D5A-5E61B63AC2BD}"
EndProject
Project("{FAE04EC0-301F-11D3-BF4B-00C04F79EFBC}") = "Tyuiu.ZamyakinaOA.Sprint5.Task4.V15", "Tyuiu.ZamyakinaOA.Sprint5.Task4.V15\Tyuiu.ZamyakinaOA.Sprint5.Task4.V15.csproj", "{BE34CBD7-6985-4D46-9093-EE4B76DA65A4}"
EndProject
Project("{FAE04EC0-301F-11D3-BF4B-00C04F79EFBC}") = "Tyuiu.ZamyakinaOA.Sprint5.Task4.V15.Lib", "Tyuiu.ZamyakinaOA.Sprint5.Task4.V15.Lib\Tyuiu.ZamyakinaOA.Sprint5.Task4.V15.Lib.csproj", "{F900747B-474E-4C3A-B50B-E877714D7550}"
EndProject
Project("{FAE04EC0-301F-11D3-BF4B-00C04F79EFBC}") = "Tyuiu.ZamyakinaOA.Sprint5.Task4.V15.Test", "Tyuiu.ZamyakinaOA.Sprint5.Task4.V15.Test\Tyuiu.ZamyakinaOA.Sprint5.Task4.V15.Test.csproj", "{636FC8DD-24A4-4575-9820-5650305A90E0}"
EndProject
Project("{2150E333-8FDC-42A3-9474-1A3956D46DE8}") = "task5", "task5", "{C32E5968-1A54-4C97-AF43-5F4C1832492B}"
EndProject
Project("{FAE04EC0-301F-11D3-BF4B-00C04F79EFBC}") = "Tyuiu.ZamyakinaOA.Sprint5.Task5.V17", "Tyuiu.ZamyakinaOA.Sprint5.Task5.V17\Tyuiu.ZamyakinaOA.Sprint5.Task5.V17.csproj", "{BD5F0B43-3C85-4283-9373-0EB3BCF3CF79}"
EndProject
Project("{FAE04EC0-301F-11D3-BF4B-00C04F79EFBC}") = "Tyuiu.ZamyakinaOA.Sprint5.Task5.V17.Lib", "Tyuiu.ZamyakinaOA.Sprint5.Task5.V17.Lib\Tyuiu.ZamyakinaOA.Sprint5.Task5.V17.Lib.csproj", "{8FBD2FDE-DE45-4478-82CD-70710DF14C8D}"
EndProject
Project("{FAE04EC0-301F-11D3-BF4B-00C04F79EFBC}") = "Tyuiu.ZamyakinaOA.Sprint5.Task5.V17.Test", "Tyuiu.ZamyakinaOA.Sprint5.Task5.V17.Test\Tyuiu.ZamyakinaOA.Sprint5.Task5.V17.Test.csproj", "{B2656C2F-2189-41BB-B266-935632315152}"
EndProject
Project("{2150E333-8FDC-42A3-9474-1A3956D46DE8}") = "task6", "task6", "{C24DAB6F-984D-4343-B9B4-7676B5B3AC34}"
EndProject
Project("{FAE04EC0-301F-11D3-BF4B-00C04F79EFBC}") = "Tyuiu.ZamyakinaOA.Sprint5.Task6.V13", "Tyuiu.ZamyakinaOA.Sprint5.Task6.V13\Tyuiu.ZamyakinaOA.Sprint5.Task6.V13.csproj", "{FEECA07F-80A7-4F01-BE49-B5A57513333A}"
EndProject
Project("{FAE04EC0-301F-11D3-BF4B-00C04F79EFBC}") = "Tyuiu.ZamyakinaOA.Sprint5.Task6.V13.Lib", "Tyuiu.ZamyakinaOA.Sprint5.Task6.V13.Lib\Tyuiu.ZamyakinaOA.Sprint5.Task6.V13.Lib.csproj", "{64222961-CC79-4054-82A9-0A3BAB175F5F}"
EndProject
Project("{FAE04EC0-301F-11D3-BF4B-00C04F79EFBC}") = "Tyuiu.ZamyakinaOA.Sprint5.Task6.V13.Test", "Tyuiu.ZamyakinaOA.Sprint5.Task6.V13.Test\Tyuiu.ZamyakinaOA.Sprint5.Task6.V13.Test.csproj", "{04BCE085-53CD-43B4-B5FF-87EB65E28435}"
EndProject
Global
	GlobalSection(SolutionConfigurationPlatforms) = preSolution
		Debug|Any CPU = Debug|Any CPU
		Release|Any CPU = Release|Any CPU
	EndGlobalSection
	GlobalSection(ProjectConfigurationPlatforms) = postSolution
		{2EBD5101-FD84-46AB-B6EF-C4D724763034}.Debug|Any CPU.ActiveCfg = Debug|Any CPU
		{2EBD5101-FD84-46AB-B6EF-C4D724763034}.Debug|Any CPU.Build.0 = Debug|Any CPU
		{2EBD5101-FD84-46AB-B6EF-C4D724763034}.Release|Any CPU.ActiveCfg = Release|Any CPU
		{2EBD5101-FD84-46AB-B6EF-C4D724763034}.Release|Any CPU.Build.0 = Release|Any CPU
		{4551BC18-A3C5-4FEA-8E84-B75BF7FFF259}.Debug|Any CPU.ActiveCfg = Debug|Any CPU
		{4551BC18-A3C5-4FEA-8E84-B75BF7FFF259}.Debug|Any CPU.Build.0 = Debug|Any CPU
		{4551BC18-A3C5-4FEA-8E84-B75BF7FFF259}.Release|Any CPU.ActiveCfg = Release|Any CPU
		{4551BC18-A3C5-4FEA-8E84-B75BF7FFF259}.Release|Any CPU.Build.0 = Release|Any CPU
		{2E5F0DB7-A78E-46CE-93E9-29D2A6EA4684}.Debug|Any CPU.ActiveCfg = Debug|Any CPU
		{2E5F0DB7-A78E-46CE-93E9-29D2A6EA4684}.Debug|Any CPU.Build.0 = Debug|Any CPU
		{2E5F0DB7-A78E-46CE-93E9-29D2A6EA4684}.Release|Any CPU.ActiveCfg = Release|Any CPU
		{2E5F0DB7-A78E-46CE-93E9-29D2A6EA4684}.Release|Any CPU.Build.0 = Release|Any CPU
		{C3FECEB9-70C5-41CD-919C-22B393D62363}.Debug|Any CPU.ActiveCfg = Debug|Any CPU
		{C3FECEB9-70C5-41CD-919C-22B393D62363}.Debug|Any CPU.Build.0 = Debug|Any CPU
		{C3FECEB9-70C5-41CD-919C-22B393D62363}.Release|Any CPU.ActiveCfg = Release|Any CPU
		{C3FECEB9-70C5-41CD-919C-22B393D62363}.Release|Any CPU.Build.0 = Release|Any CPU
		{D31E5F63-967E-43D0-8E5E-540B59665640}.Debug|Any CPU.ActiveCfg = Debug|Any CPU
		{D31E5F63-967E-43D0-8E5E-540B59665640}.Debug|Any CPU.Build.0 = Debug|Any CPU
		{D31E5F63-967E-43D0-8E5E-540B59665640}.Release|Any CPU.ActiveCfg = Release|Any CPU
		{D31E5F63-967E-43D0-8E5E-540B59665640}.Release|Any CPU.Build.0 = Release|Any CPU
		{7082516D-6A0A-4796-924E-8D6F237C364C}.Debug|Any CPU.ActiveCfg = Debug|Any CPU
		{7082516D-6A0A-4796-924E-8D6F237C364C}.Debug|Any CPU.Build.0 = Debug|Any CPU
		{7082516D-6A0A-4796-924E-8D6F237C364C}.Release|Any CPU.ActiveCfg = Release|Any CPU
		{7082516D-6A0A-4796-924E-8D6F237C364C}.Release|Any CPU.Build.0 = Release|Any CPU
		{DCA71DC2-E732-463C-B951-FF66E5FB9766}.Debug|Any CPU.ActiveCfg = Debug|Any CPU
		{DCA71DC2-E732-463C-B951-FF66E5FB9766}.Debug|Any CPU.Build.0 = Debug|Any CPU
		{DCA71DC2-E732-463C-B951-FF66E5FB9766}.Release|Any CPU.ActiveCfg = Release|Any CPU
		{DCA71DC2-E732-463C-B951-FF66E5FB9766}.Release|Any CPU.Build.0 = Release|Any CPU
		{D9FBFE1B-655F-4385-864F-9935DB41EFAC}.Debug|Any CPU.ActiveCfg = Debug|Any CPU
		{D9FBFE1B-655F-4385-864F-9935DB41EFAC}.Debug|Any CPU.Build.0 = Debug|Any CPU
		{D9FBFE1B-655F-4385-864F-9935DB41EFAC}.Release|Any CPU.ActiveCfg = Release|Any CPU
		{D9FBFE1B-655F-4385-864F-9935DB41EFAC}.Release|Any CPU.Build.0 = Release|Any CPU
		{F5C8A8F2-4F81-4401-911D-F603592656D3}.Debug|Any CPU.ActiveCfg = Debug|Any CPU
		{F5C8A8F2-4F81-4401-911D-F603592656D3}.Debug|Any CPU.Build.0 = Debug|Any CPU
		{F5C8A8F2-4F81-4401-911D-F603592656D3}.Release|Any CPU.ActiveCfg = Release|Any CPU
		{F5C8A8F2-4F81-4401-911D-F603592656D3}.Release|Any CPU.Build.0 = Release|Any CPU
		{E271EFAD-5422-4504-8E28-9DB929482E6A}.Debug|Any CPU.ActiveCfg = Debug|Any CPU
		{E271EFAD-5422-4504-8E28-9DB929482E6A}.Debug|Any CPU.Build.0 = Debug|Any CPU
		{E271EFAD-5422-4504-8E28-9DB929482E6A}.Release|Any CPU.ActiveCfg = Release|Any CPU
		{E271EFAD-5422-4504-8E28-9DB929482E6A}.Release|Any CPU.Build.0 = Release|Any CPU
		{522D6898-55A3-4962-9110-7B17B11569C6}.Debug|Any CPU.ActiveCfg = Debug|Any CPU
		{522D6898-55A3-4962-9110-7B17B11569C6}.Debug|Any CPU.Build.0 = Debug|Any CPU
		{522D6898-55A3-4962-9110-7B17B11569C6}.Release|Any CPU.ActiveCfg = Release|Any CPU
		{522D6898-55A3-4962-9110-7B17B11569C6}.Release|Any CPU.Build.0 = Release|Any CPU
		{0D1FF023-0578-4E7E-B2AA-7D85BD2788E8}.Debug|Any CPU.ActiveCfg = Debug|Any CPU
		{0D1FF023-0578-4E7E-B2AA-7D85BD2788E8}.Debug|Any CPU.Build.0 = Debug|Any CPU
		{0D1FF023-0578-4E7E-B2AA-7D85BD2788E8}.Release|Any CPU.ActiveCfg = Release|Any CPU
		{0D1FF023-0578-4E7E-B2AA-7D85BD2788E8}.Release|Any CPU.Build.0 = Release|Any CPU
		{BE34CBD7-6985-4D46-9093-EE4B76DA65A4}.Debug|Any CPU.ActiveCfg = Debug|Any CPU
		{BE34CBD7-6985-4D46-9093-EE4B76DA65A4}.Debug|Any CPU.Build.0 = Debug|Any CPU
		{BE34CBD7-6985-4D46-9093-EE4B76DA65A4}.Release|Any CPU.ActiveCfg = Release|Any CPU
		{BE34CBD7-6985-4D46-9093-EE4B76DA65A4}.Release|Any CPU.Build.0 = Release|Any CPU
		{F900747B-474E-4C3A-B50B-E877714D7550}.Debug|Any CPU.ActiveCfg = Debug|Any CPU
		{F900747B-474E-4C3A-B50B-E877714D7550}.Debug|Any CPU.Build.0 = Debug|Any CPU
		{F900747B-474E-4C3A-B50B-E877714D7550}.Release|Any CPU.ActiveCfg = Release|Any CPU
		{F900747B-474E-4C3A-B50B-E877714D7550}.Release|Any CPU.Build.0 = Release|Any CPU
		{636FC8DD-24A4-4575-9820-5650305A90E0}.Debug|Any CPU.ActiveCfg = Debug|Any CPU
		{636FC8DD-24A4-4575-9820-5650305A90E0}.Debug|Any CPU.Build.0 = Debug|Any CPU
		{636FC8DD-24A4-4575-9820-5650305A90E0}.Release|Any CPU.ActiveCfg = Release|Any CPU
		{636FC8DD-24A4-4575-9820-5650305A90E0}.Release|Any CPU.Build.0 = Release|Any CPU
		{BD5F0B43-3C85-4283-9373-0EB3BCF3CF79}.Debug|Any CPU.ActiveCfg = Debug|Any CPU
		{BD5F0B43-3C85-4283-9373-0EB3BCF3CF79}.Debug|Any CPU.Build.0 = Debug|Any CPU
		{BD5F0B43-3C85-4283-9373-0EB3BCF3CF79}.Release|Any CPU.ActiveCfg = Release|Any CPU
		{BD5F0B43-3C85-4283-9373-0EB3BCF3CF79}.Release|Any CPU.Build.0 = Release|Any CPU
		{8FBD2FDE-DE45-4478-82CD-70710DF14C8D}.Debug|Any CPU.ActiveCfg = Debug|Any CPU
		{8FBD2FDE-DE45-4478-82CD-70710DF14C8D}.Debug|Any CPU.Build.0 = Debug|Any CPU
		{8FBD2FDE-DE45-4478-82CD-70710DF14C8D}.Release|Any CPU.ActiveCfg = Release|Any CPU
		{8FBD2FDE-DE45-4478-82CD-70710DF14C8D}.Release|Any CPU.Build.0 = Release|Any CPU
		{B2656C2F-2189-41BB-B266-935632315152}.Debug|Any CPU.ActiveCfg = Debug|Any CPU
		{B2656C2F-2189-41BB-B266-935632315152}.Debug|Any CPU.Build.0 = Debug|Any CPU
		{B2656C2F-2189-41BB-B266-935632315152}.Release|Any CPU.ActiveCfg = Release|Any CPU
		{B2656C2F-2189-41BB-B266-935632315152}.Release|Any CPU.Build.0 = Release|Any CPU
		{FEECA07F-80A7-4F01-BE49-B5A57513333A}.Debug|Any CPU.ActiveCfg = Debug|Any CPU
		{FEECA07F-80A7-4F01-BE49-B5A57513333A}.Debug|Any CPU.Build.0 = Debug|Any CPU
		{FEECA07F-80A7-4F01-BE49-B5A57513333A}.Release|Any CPU.ActiveCfg = Release|Any CPU
		{FEECA07F-80A7-4F01-BE49-B5A57513333A}.Release|Any CPU.Build.0 = Release|Any CPU
		{64222961-CC79-4054-82A9-0A3BAB175F5F}.Debug|Any CPU.ActiveCfg = Debug|Any CPU
		{64222961-CC79-4054-82A9-0A3BAB175F5F}.Debug|Any CPU.Build.0 = Debug|Any CPU
		{64222961-CC79-4054-82A9-0A3BAB175F5F}.Release|Any CPU.ActiveCfg = Release|Any CPU
		{64222961-CC79-4054-82A9-0A3BAB175F5F}.Release|Any CPU.Build.0 = Release|Any CPU
		{04BCE085-53CD-43B4-B5FF-87EB65E28435}.Debug|Any CPU.ActiveCfg = Debug|Any CPU
		{04BCE085-53CD-43B4-B5FF-87EB65E28435}.Debug|Any CPU.Build.0 = Debug|Any CPU
		{04BCE085-53CD-43B4-B5FF-87EB65E28435}.Release|Any CPU.ActiveCfg = Release|Any CPU
		{04BCE085-53CD-43B4-B5FF-87EB65E28435}.Release|Any CPU.Build.0 = Release|Any CPU
	EndGlobalSection
	GlobalSection(SolutionProperties) = preSolution
		HideSolutionNode = FALSE
	EndGlobalSection
	GlobalSection(NestedProjects) = preSolution
		{2EBD5101-FD84-46AB-B6EF-C4D724763034} = {02EA681E-C7D8-13C7-8484-4AC65E1B71E8}
		{4551BC18-A3C5-4FEA-8E84-B75BF7FFF259} = {02EA681E-C7D8-13C7-8484-4AC65E1B71E8}
		{2E5F0DB7-A78E-46CE-93E9-29D2A6EA4684} = {02EA681E-C7D8-13C7-8484-4AC65E1B71E8}
		{C3FECEB9-70C5-41CD-919C-22B393D62363} = {9E5EFBC3-C0F1-412A-951E-50B515353E46}
		{D31E5F63-967E-43D0-8E5E-540B59665640} = {9E5EFBC3-C0F1-412A-951E-50B515353E46}
		{7082516D-6A0A-4796-924E-8D6F237C364C} = {9E5EFBC3-C0F1-412A-951E-50B515353E46}
		{DCA71DC2-E732-463C-B951-FF66E5FB9766} = {CD0CF9F5-FF93-4480-8324-C253761C46EA}
		{D9FBFE1B-655F-4385-864F-9935DB41EFAC} = {CD0CF9F5-FF93-4480-8324-C253761C46EA}
		{F5C8A8F2-4F81-4401-911D-F603592656D3} = {CD0CF9F5-FF93-4480-8324-C253761C46EA}
		{E271EFAD-5422-4504-8E28-9DB929482E6A} = {48AA0450-B61C-4AB7-8FA1-36013AC4C47B}
		{522D6898-55A3-4962-9110-7B17B11569C6} = {48AA0450-B61C-4AB7-8FA1-36013AC4C47B}
		{0D1FF023-0578-4E7E-B2AA-7D85BD2788E8} = {48AA0450-B61C-4AB7-8FA1-36013AC4C47B}
		{BE34CBD7-6985-4D46-9093-EE4B76DA65A4} = {6A6C1960-4FA0-4032-9D5A-5E61B63AC2BD}
		{F900747B-474E-4C3A-B50B-E877714D7550} = {6A6C1960-4FA0-4032-9D5A-5E61B63AC2BD}
		{636FC8DD-24A4-4575-9820-5650305A90E0} = {6A6C1960-4FA0-4032-9D5A-5E61B63AC2BD}
		{BD5F0B43-3C85-4283-9373-0EB3BCF3CF79} = {C32E5968-1A54-4C97-AF43-5F4C1832492B}
		{8FBD2FDE-DE45-4478-82CD-70710DF14C8D} = {C32E5968-1A54-4C97-AF43-5F4C1832492B}
		{B2656C2F-2189-41BB-B266-935632315152} = {C32E5968-1A54-4C97-AF43-5F4C1832492B}
		{FEECA07F-80A7-4F01-BE49-B5A57513333A} = {C24DAB6F-984D-4343-B9B4-7676B5B3AC34}
		{64222961-CC79-4054-82A9-0A3BAB175F5F} = {C24DAB6F-984D-4343-B9B4-7676B5B3AC34}
		{04BCE085-53CD-43B4-B5FF-87EB65E28435} = {C24DAB6F-984D-4343-B9B4-7676B5B3AC34}
	EndGlobalSection
	GlobalSection(ExtensibilityGlobals) = postSolution
		SolutionGuid = {421DD8D3-549B-4BA2-A0FD-211137AA568D}
	EndGlobalSection
EndGlobal
