
Microsoft Visual Studio Solution File, Format Version 12.00
# Visual Studio Version 17
VisualStudioVersion = 17.14.36414.22
MinimumVisualStudioVersion = 10.0.40219.1
Project("{2150E333-8FDC-42A3-9474-1A3956D46DE8}") = "task0", "task0", "{02EA681E-C7D8-13C7-8484-4AC65E1B71E8}"
EndProject
Project("{FAE04EC0-301F-11D3-BF4B-00C04F79EFBC}") = "Tyuiu.ZamyakinaOA.Sprint5.Task0.V30", "Tyuiu.ZamyakinaOA.Sprint5.Task0.V30\Tyuiu.ZamyakinaOA.Sprint5.Task0.V30.csproj", "{2EBD5101-FD84-46AB-B6EF-C4D724763034}"
EndProject
Project("{FAE04EC0-301F-11D3-BF4B-00C04F79EFBC}") = "Tyuiu.ZamyakinaOA.Sprint5.Task0.V30.Lib", "Tyuiu.ZamyakinaOA.Sprint5.Task0.V30.Lib\Tyuiu.ZamyakinaOA.Sprint5.Task0.V30.Lib.csproj", "{4551BC18-A3C5-4FEA-8E84-B75BF7FFF259}"
EndProject
Project("{FAE04EC0-301F-11D3-BF4B-00C04F79EFBC}") = "Tyuiu.ZamyakinaOA.Sprint5.Task0.V30.Test", "Tyuiu.ZamyakinaOA.Sprint5.Task0.V30.Test\Tyuiu.ZamyakinaOA.Sprint5.Task0.V30.Test.csproj", "{2E5F0DB7-A78E-46CE-93E9-29D2A6EA4684}"
EndProject
Global
	GlobalSection(SolutionConfigurationPlatforms) = preSolution
		Debug|Any CPU = Debug|Any CPU
		Release|Any CPU = Release|Any CPU
	EndGlobalSection
	GlobalSection(ProjectConfigurationPlatforms) = postSolution
		{2EBD5101-FD84-46AB-B6EF-C4D724763034}.Debug|Any CPU.ActiveCfg = Debug|Any CPU
		{2EBD5101-FD84-46AB-B6EF-C4D724763034}.Debug|Any CPU.Build.0 = Debug|Any CPU
		{2EBD5101-FD84-46AB-B6EF-C4D724763034}.Release|Any CPU.ActiveCfg = Release|Any CPU
		{2EBD5101-FD84-46AB-B6EF-C4D724763034}.Release|Any CPU.Build.0 = Release|Any CPU
		{4551BC18-A3C5-4FEA-8E84-B75BF7FFF259}.Debug|Any CPU.ActiveCfg = Debug|Any CPU
		{4551BC18-A3C5-4FEA-8E84-B75BF7FFF259}.Debug|Any CPU.Build.0 = Debug|Any CPU
		{4551BC18-A3C5-4FEA-8E84-B75BF7FFF259}.Release|Any CPU.ActiveCfg = Release|Any CPU
		{4551BC18-A3C5-4FEA-8E84-B75BF7FFF259}.Release|Any CPU.Build.0 = Release|Any CPU
		{2E5F0DB7-A78E-46CE-93E9-29D2A6EA4684}.Debug|Any CPU.ActiveCfg = Debug|Any CPU
		{2E5F0DB7-A78E-46CE-93E9-29D2A6EA4684}.Debug|Any CPU.Build.0 = Debug|Any CPU
		{2E5F0DB7-A78E-46CE-93E9-29D2A6EA4684}.Release|Any CPU.ActiveCfg = Release|Any CPU
		{2E5F0DB7-A78E-46CE-93E9-29D2A6EA4684}.Release|Any CPU.Build.0 = Release|Any CPU
	EndGlobalSection
	GlobalSection(SolutionProperties) = preSolution
		HideSolutionNode = FALSE
	EndGlobalSection
	GlobalSection(NestedProjects) = preSolution
		{2EBD5101-FD84-46AB-B6EF-C4D724763034} = {02EA681E-C7D8-13C7-8484-4AC65E1B71E8}
		{4551BC18-A3C5-4FEA-8E84-B75BF7FFF259} = {02EA681E-C7D8-13C7-8484-4AC65E1B71E8}
		{2E5F0DB7-A78E-46CE-93E9-29D2A6EA4684} = {02EA681E-C7D8-13C7-8484-4AC65E1B71E8}
	EndGlobalSection
	GlobalSection(ExtensibilityGlobals) = postSolution
		SolutionGuid = {421DD8D3-549B-4BA2-A0FD-211137AA568D}
	EndGlobalSection
EndGlobal
